
Microsoft Visual Studio Solution File, Format Version 12.00
Project("{FAE04EC0-301F-11D3-BF4B-00C04F79EFBC}") = "Inventory.Core.Models", "Inventory.Core.Models\Inventory.Core.Models.csproj", "{5CE53541-4DB2-4A85-805D-B8D2036682C9}"
EndProject
Project("{FAE04EC0-301F-11D3-BF4B-00C04F79EFBC}") = "Inventory.Core.Business", "Inventory.Core.Business\Inventory.Core.Business.csproj", "{A912075A-374D-48ED-A16A-1223E235D97D}"
EndProject
Project("{FAE04EC0-301F-11D3-BF4B-00C04F79EFBC}") = "Inventory.Core.Business.Gateways", "Inventory.Core.Business.Gateways\Inventory.Core.Business.Gateways.csproj", "{C8F592C7-179F-4C4E-8349-921B2A0F7970}"
EndProject
Project("{FAE04EC0-301F-11D3-BF4B-00C04F79EFBC}") = "Inventory.Core.Business.Models", "Inventory.Core.Business.Models\Inventory.Core.Business.Models.csproj", "{12F2D510-7671-42B1-8EA1-FF5B8CB0076C}"
EndProject
Project("{FAE04EC0-301F-11D3-BF4B-00C04F79EFBC}") = "Inventory.Core.Business.Errors", "Inventory.Core.Business.Errors\Inventory.Core.Business.Errors.csproj", "{572A390A-3DE5-4E86-9F9E-7D19A03C77D3}"
EndProject
Project("{2150E333-8FDC-42A3-9474-1A3956D46DE8}") = "Core", "Core", "{C67E4AC4-D527-44AC-ABCA-D4843C37DB75}"
EndProject
Global
	GlobalSection(SolutionConfigurationPlatforms) = preSolution
		Debug|Any CPU = Debug|Any CPU
		Release|Any CPU = Release|Any CPU
	EndGlobalSection
	GlobalSection(ProjectConfigurationPlatforms) = postSolution
		{5CE53541-4DB2-4A85-805D-B8D2036682C9}.Debug|Any CPU.ActiveCfg = Debug|Any CPU
		{5CE53541-4DB2-4A85-805D-B8D2036682C9}.Debug|Any CPU.Build.0 = Debug|Any CPU
		{5CE53541-4DB2-4A85-805D-B8D2036682C9}.Release|Any CPU.ActiveCfg = Release|Any CPU
		{5CE53541-4DB2-4A85-805D-B8D2036682C9}.Release|Any CPU.Build.0 = Release|Any CPU
		{A912075A-374D-48ED-A16A-1223E235D97D}.Debug|Any CPU.ActiveCfg = Debug|Any CPU
		{A912075A-374D-48ED-A16A-1223E235D97D}.Debug|Any CPU.Build.0 = Debug|Any CPU
		{A912075A-374D-48ED-A16A-1223E235D97D}.Release|Any CPU.ActiveCfg = Release|Any CPU
		{A912075A-374D-48ED-A16A-1223E235D97D}.Release|Any CPU.Build.0 = Release|Any CPU
		{C8F592C7-179F-4C4E-8349-921B2A0F7970}.Debug|Any CPU.ActiveCfg = Debug|Any CPU
		{C8F592C7-179F-4C4E-8349-921B2A0F7970}.Debug|Any CPU.Build.0 = Debug|Any CPU
		{C8F592C7-179F-4C4E-8349-921B2A0F7970}.Release|Any CPU.ActiveCfg = Release|Any CPU
		{C8F592C7-179F-4C4E-8349-921B2A0F7970}.Release|Any CPU.Build.0 = Release|Any CPU
		{12F2D510-7671-42B1-8EA1-FF5B8CB0076C}.Debug|Any CPU.ActiveCfg = Debug|Any CPU
		{12F2D510-7671-42B1-8EA1-FF5B8CB0076C}.Debug|Any CPU.Build.0 = Debug|Any CPU
		{12F2D510-7671-42B1-8EA1-FF5B8CB0076C}.Release|Any CPU.ActiveCfg = Release|Any CPU
		{12F2D510-7671-42B1-8EA1-FF5B8CB0076C}.Release|Any CPU.Build.0 = Release|Any CPU
		{572A390A-3DE5-4E86-9F9E-7D19A03C77D3}.Debug|Any CPU.ActiveCfg = Debug|Any CPU
		{572A390A-3DE5-4E86-9F9E-7D19A03C77D3}.Debug|Any CPU.Build.0 = Debug|Any CPU
		{572A390A-3DE5-4E86-9F9E-7D19A03C77D3}.Release|Any CPU.ActiveCfg = Release|Any CPU
		{572A390A-3DE5-4E86-9F9E-7D19A03C77D3}.Release|Any CPU.Build.0 = Release|Any CPU
	EndGlobalSection
	GlobalSection(NestedProjects) = preSolution
		{A912075A-374D-48ED-A16A-1223E235D97D} = {C67E4AC4-D527-44AC-ABCA-D4843C37DB75}
		{572A390A-3DE5-4E86-9F9E-7D19A03C77D3} = {C67E4AC4-D527-44AC-ABCA-D4843C37DB75}
		{C8F592C7-179F-4C4E-8349-921B2A0F7970} = {C67E4AC4-D527-44AC-ABCA-D4843C37DB75}
		{12F2D510-7671-42B1-8EA1-FF5B8CB0076C} = {C67E4AC4-D527-44AC-ABCA-D4843C37DB75}
		{5CE53541-4DB2-4A85-805D-B8D2036682C9} = {C67E4AC4-D527-44AC-ABCA-D4843C37DB75}
	EndGlobalSection
EndGlobal
