
Microsoft Visual Studio Solution File, Format Version 12.00
Project("{FAE04EC0-301F-11D3-BF4B-00C04F79EFBC}") = "Inventory.Core.Models", "Inventory.Core.Models\Inventory.Core.Models.csproj", "{5CE53541-4DB2-4A85-805D-B8D2036682C9}"
EndProject
Project("{FAE04EC0-301F-11D3-BF4B-00C04F79EFBC}") = "Inventory.Core.Business", "Inventory.Core.Business\Inventory.Core.Business.csproj", "{A912075A-374D-48ED-A16A-1223E235D97D}"
EndProject
Project("{FAE04EC0-301F-11D3-BF4B-00C04F79EFBC}") = "Inventory.Core.Business.Gateways", "Inventory.Core.Business.Gateways\Inventory.Core.Business.Gateways.csproj", "{C8F592C7-179F-4C4E-8349-921B2A0F7970}"
EndProject
Project("{FAE04EC0-301F-11D3-BF4B-00C04F79EFBC}") = "Inventory.Core.Business.Models", "Inventory.Core.Business.Models\Inventory.Core.Business.Models.csproj", "{12F2D510-7671-42B1-8EA1-FF5B8CB0076C}"
EndProject
Project("{FAE04EC0-301F-11D3-BF4B-00C04F79EFBC}") = "Inventory.Core.Business.Errors", "Inventory.Core.Business.Errors\Inventory.Core.Business.Errors.csproj", "{572A390A-3DE5-4E86-9F9E-7D19A03C77D3}"
EndProject
Project("{2150E333-8FDC-42A3-9474-1A3956D46DE8}") = "Core", "Core", "{C67E4AC4-D527-44AC-ABCA-D4843C37DB75}"
EndProject
Project("{2150E333-8FDC-42A3-9474-1A3956D46DE8}") = "Presentations", "Presentations", "{DA030D52-A707-4E46-856D-62984C7B4260}"
EndProject
Project("{FAE04EC0-301F-11D3-BF4B-00C04F79EFBC}") = "Inventory.Presentations.Api", "Inventory.Presentations.Api\Inventory.Presentations.Api.csproj", "{631ECAEA-51F6-465F-B57B-492638747BA3}"
EndProject
Project("{2150E333-8FDC-42A3-9474-1A3956D46DE8}") = "Database", "Database", "{20B7FFAB-E754-41D2-805B-D60F4D1316C4}"
EndProject
Project("{FAE04EC0-301F-11D3-BF4B-00C04F79EFBC}") = "Inventory.Database.Context", "Inventory.Database.Context\Inventory.Database.Context.csproj", "{412D381A-67DF-4560-9832-C8EF53E4CFF2}"
EndProject
Project("{2150E333-8FDC-42A3-9474-1A3956D46DE8}") = "Gateways", "Gateways", "{50D68383-018E-4D46-8175-9310B5CCF964}"
EndProject
Project("{FAE04EC0-301F-11D3-BF4B-00C04F79EFBC}") = "Inventory.Gateways", "Inventory.Gateways\Inventory.Gateways.csproj", "{72D235DC-E71E-4C11-99C5-997D64D96B7C}"
EndProject
Project("{FAE04EC0-301F-11D3-BF4B-00C04F79EFBC}") = "Inventory.Core.Business.Validators", "Inventory.Core.Business.Validators\Inventory.Core.Business.Validators.csproj", "{DED74D73-E9EC-446F-98E3-6927538C2DE1}"
EndProject
Project("{FAE04EC0-301F-11D3-BF4B-00C04F79EFBC}") = "Inventory.Presentations.Jwt", "Inventory.Presentations.Jwt\Inventory.Presentations.Jwt.csproj", "{50EC22D5-ADBE-4068-9261-97C75156649F}"
EndProject
Project("{2150E333-8FDC-42A3-9474-1A3956D46DE8}") = "Adapters", "Adapters", "{8A4B1E20-8492-4157-A088-86ABCC1087D2}"
EndProject
Project("{FAE04EC0-301F-11D3-BF4B-00C04F79EFBC}") = "Inventory.Adapters.Models", "Inventory.Adapters.Models\Inventory.Adapters.Models.csproj", "{4F1F92C4-584E-48C8-8ACF-7D24B970303D}"
EndProject
Global
	GlobalSection(SolutionConfigurationPlatforms) = preSolution
		Debug|Any CPU = Debug|Any CPU
		Release|Any CPU = Release|Any CPU
	EndGlobalSection
	GlobalSection(ProjectConfigurationPlatforms) = postSolution
		{5CE53541-4DB2-4A85-805D-B8D2036682C9}.Debug|Any CPU.ActiveCfg = Debug|Any CPU
		{5CE53541-4DB2-4A85-805D-B8D2036682C9}.Debug|Any CPU.Build.0 = Debug|Any CPU
		{5CE53541-4DB2-4A85-805D-B8D2036682C9}.Release|Any CPU.ActiveCfg = Release|Any CPU
		{5CE53541-4DB2-4A85-805D-B8D2036682C9}.Release|Any CPU.Build.0 = Release|Any CPU
		{A912075A-374D-48ED-A16A-1223E235D97D}.Debug|Any CPU.ActiveCfg = Debug|Any CPU
		{A912075A-374D-48ED-A16A-1223E235D97D}.Debug|Any CPU.Build.0 = Debug|Any CPU
		{A912075A-374D-48ED-A16A-1223E235D97D}.Release|Any CPU.ActiveCfg = Release|Any CPU
		{A912075A-374D-48ED-A16A-1223E235D97D}.Release|Any CPU.Build.0 = Release|Any CPU
		{C8F592C7-179F-4C4E-8349-921B2A0F7970}.Debug|Any CPU.ActiveCfg = Debug|Any CPU
		{C8F592C7-179F-4C4E-8349-921B2A0F7970}.Debug|Any CPU.Build.0 = Debug|Any CPU
		{C8F592C7-179F-4C4E-8349-921B2A0F7970}.Release|Any CPU.ActiveCfg = Release|Any CPU
		{C8F592C7-179F-4C4E-8349-921B2A0F7970}.Release|Any CPU.Build.0 = Release|Any CPU
		{12F2D510-7671-42B1-8EA1-FF5B8CB0076C}.Debug|Any CPU.ActiveCfg = Debug|Any CPU
		{12F2D510-7671-42B1-8EA1-FF5B8CB0076C}.Debug|Any CPU.Build.0 = Debug|Any CPU
		{12F2D510-7671-42B1-8EA1-FF5B8CB0076C}.Release|Any CPU.ActiveCfg = Release|Any CPU
		{12F2D510-7671-42B1-8EA1-FF5B8CB0076C}.Release|Any CPU.Build.0 = Release|Any CPU
		{572A390A-3DE5-4E86-9F9E-7D19A03C77D3}.Debug|Any CPU.ActiveCfg = Debug|Any CPU
		{572A390A-3DE5-4E86-9F9E-7D19A03C77D3}.Debug|Any CPU.Build.0 = Debug|Any CPU
		{572A390A-3DE5-4E86-9F9E-7D19A03C77D3}.Release|Any CPU.ActiveCfg = Release|Any CPU
		{572A390A-3DE5-4E86-9F9E-7D19A03C77D3}.Release|Any CPU.Build.0 = Release|Any CPU
		{631ECAEA-51F6-465F-B57B-492638747BA3}.Debug|Any CPU.ActiveCfg = Debug|Any CPU
		{631ECAEA-51F6-465F-B57B-492638747BA3}.Debug|Any CPU.Build.0 = Debug|Any CPU
		{631ECAEA-51F6-465F-B57B-492638747BA3}.Release|Any CPU.ActiveCfg = Release|Any CPU
		{631ECAEA-51F6-465F-B57B-492638747BA3}.Release|Any CPU.Build.0 = Release|Any CPU
		{412D381A-67DF-4560-9832-C8EF53E4CFF2}.Debug|Any CPU.ActiveCfg = Debug|Any CPU
		{412D381A-67DF-4560-9832-C8EF53E4CFF2}.Debug|Any CPU.Build.0 = Debug|Any CPU
		{412D381A-67DF-4560-9832-C8EF53E4CFF2}.Release|Any CPU.ActiveCfg = Release|Any CPU
		{412D381A-67DF-4560-9832-C8EF53E4CFF2}.Release|Any CPU.Build.0 = Release|Any CPU
		{72D235DC-E71E-4C11-99C5-997D64D96B7C}.Debug|Any CPU.ActiveCfg = Debug|Any CPU
		{72D235DC-E71E-4C11-99C5-997D64D96B7C}.Debug|Any CPU.Build.0 = Debug|Any CPU
		{72D235DC-E71E-4C11-99C5-997D64D96B7C}.Release|Any CPU.ActiveCfg = Release|Any CPU
		{72D235DC-E71E-4C11-99C5-997D64D96B7C}.Release|Any CPU.Build.0 = Release|Any CPU
		{DED74D73-E9EC-446F-98E3-6927538C2DE1}.Debug|Any CPU.ActiveCfg = Debug|Any CPU
		{DED74D73-E9EC-446F-98E3-6927538C2DE1}.Debug|Any CPU.Build.0 = Debug|Any CPU
		{DED74D73-E9EC-446F-98E3-6927538C2DE1}.Release|Any CPU.ActiveCfg = Release|Any CPU
		{DED74D73-E9EC-446F-98E3-6927538C2DE1}.Release|Any CPU.Build.0 = Release|Any CPU
		{50EC22D5-ADBE-4068-9261-97C75156649F}.Debug|Any CPU.ActiveCfg = Debug|Any CPU
		{50EC22D5-ADBE-4068-9261-97C75156649F}.Debug|Any CPU.Build.0 = Debug|Any CPU
		{50EC22D5-ADBE-4068-9261-97C75156649F}.Release|Any CPU.ActiveCfg = Release|Any CPU
		{50EC22D5-ADBE-4068-9261-97C75156649F}.Release|Any CPU.Build.0 = Release|Any CPU
		{4F1F92C4-584E-48C8-8ACF-7D24B970303D}.Debug|Any CPU.ActiveCfg = Debug|Any CPU
		{4F1F92C4-584E-48C8-8ACF-7D24B970303D}.Debug|Any CPU.Build.0 = Debug|Any CPU
		{4F1F92C4-584E-48C8-8ACF-7D24B970303D}.Release|Any CPU.ActiveCfg = Release|Any CPU
		{4F1F92C4-584E-48C8-8ACF-7D24B970303D}.Release|Any CPU.Build.0 = Release|Any CPU
	EndGlobalSection
	GlobalSection(NestedProjects) = preSolution
		{A912075A-374D-48ED-A16A-1223E235D97D} = {C67E4AC4-D527-44AC-ABCA-D4843C37DB75}
		{572A390A-3DE5-4E86-9F9E-7D19A03C77D3} = {C67E4AC4-D527-44AC-ABCA-D4843C37DB75}
		{C8F592C7-179F-4C4E-8349-921B2A0F7970} = {C67E4AC4-D527-44AC-ABCA-D4843C37DB75}
		{12F2D510-7671-42B1-8EA1-FF5B8CB0076C} = {C67E4AC4-D527-44AC-ABCA-D4843C37DB75}
		{5CE53541-4DB2-4A85-805D-B8D2036682C9} = {C67E4AC4-D527-44AC-ABCA-D4843C37DB75}
		{631ECAEA-51F6-465F-B57B-492638747BA3} = {DA030D52-A707-4E46-856D-62984C7B4260}
		{412D381A-67DF-4560-9832-C8EF53E4CFF2} = {20B7FFAB-E754-41D2-805B-D60F4D1316C4}
		{72D235DC-E71E-4C11-99C5-997D64D96B7C} = {50D68383-018E-4D46-8175-9310B5CCF964}
		{DED74D73-E9EC-446F-98E3-6927538C2DE1} = {C67E4AC4-D527-44AC-ABCA-D4843C37DB75}
		{50EC22D5-ADBE-4068-9261-97C75156649F} = {DA030D52-A707-4E46-856D-62984C7B4260}
		{4F1F92C4-584E-48C8-8ACF-7D24B970303D} = {8A4B1E20-8492-4157-A088-86ABCC1087D2}
	EndGlobalSection
EndGlobal
